PODS:
  - Alamofire (3.1.5)
  - Bolts (1.6.0):
    - Bolts/AppLinks (= 1.6.0)
    - Bolts/Tasks (= 1.6.0)
  - Bolts/AppLinks (1.6.0):
    - Bolts/Tasks
  - Bolts/Tasks (1.6.0)
  - FBSDKCoreKit (4.9.1):
    - Bolts (~> 1.5)
  - Firebase (2.5.0)
  - Gecco (0.2.0)
  - Material (1.29.4)
  - Realm (0.97.1):
    - Realm/Headers (= 0.97.1)
  - Realm/Headers (0.97.1)
  - RealmSwift (0.97.1):
    - Realm (= 0.97.1)

DEPENDENCIES:
  - Alamofire (~> 3.0)
  - FBSDKCoreKit (~> 4.9.1)
  - Firebase (>= 2.5.0)
  - Gecco
  - Material (~> 1.0)
  - RealmSwift (~> 0.97.1)

SPEC CHECKSUMS:
  Alamofire: 5f730ba29fd113b7ddd71c1e65d0c630acf5d7b0
  Bolts: f52a250053bb517ca874523c3913776359ab3def
  FBSDKCoreKit: aee20b6d9855f15b618d4fddd1a5ad45f5a4a59d
  Firebase: 744617c0733b45198f9486ebd5cac64ec2d10d79
  Gecco: 27ab0f43da3f8e844771cf641992afdd1ea09c62
  Material: d02c197b017871cbee6a0fcdabe92c5de81a3abe
  Realm: 6854f49cc788171573a0605fe5e55d3224bc39f9
  RealmSwift: 21aa38ae5210a8e7d3ca2fd02a0ce82476672101

COCOAPODS: 0.39.0
